[root]
name = "browsh"
version = "0.1.0"
dependencies = [
 "termsize 0.1.5 (registry+https://github.com/rust-lang/crates.io-index)",
 "websocket 0.20.2 (registry+https://github.com/rust-lang/crates.io-index)",
]

[[package]]
name = "advapi32-sys"
version = "0.2.0"
source = "registry+https://github.com/rust-lang/crates.io-index"
dependencies = [
 "winapi 0.2.8 (registry+https://github.com/rust-lang/crates.io-index)",
 "winapi-build 0.1.1 (registry+https://github.com/rust-lang/crates.io-index)",
]

[[package]]
name = "atty"
version = "0.2.6"
source = "registry+https://github.com/rust-lang/crates.io-index"
dependencies = [
 "libc 0.2.34 (registry+https://github.com/rust-lang/crates.io-index)",
 "termion 1.5.1 (registry+https://github.com/rust-lang/crates.io-index)",
 "winapi 0.3.2 (registry+https://github.com/rust-lang/crates.io-index)",
]

[[package]]
name = "base64"
version = "0.5.2"
source = "registry+https://github.com/rust-lang/crates.io-index"
dependencies = [
 "byteorder 1.2.1 (registry+https://github.com/rust-lang/crates.io-index)",
]

[[package]]
name = "base64"
version = "0.6.0"
source = "registry+https://github.com/rust-lang/crates.io-index"
dependencies = [
 "byteorder 1.2.1 (registry+https://github.com/rust-lang/crates.io-index)",
 "safemem 0.2.0 (registry+https://github.com/rust-lang/crates.io-index)",
]

[[package]]
name = "bitflags"
version = "0.7.0"
source = "registry+https://github.com/rust-lang/crates.io-index"

[[package]]
name = "bitflags"
version = "0.9.1"
source = "registry+https://github.com/rust-lang/crates.io-index"

[[package]]
name = "byteorder"
version = "1.2.1"
source = "registry+https://github.com/rust-lang/crates.io-index"

[[package]]
name = "bytes"
version = "0.4.5"
source = "registry+https://github.com/rust-lang/crates.io-index"
dependencies = [
 "byteorder 1.2.1 (registry+https://github.com/rust-lang/crates.io-index)",
 "iovec 0.1.1 (registry+https://github.com/rust-lang/crates.io-index)",
]

[[package]]
name = "cc"
version = "1.0.3"
source = "registry+https://github.com/rust-lang/crates.io-index"

[[package]]
name = "cfg-if"
version = "0.1.2"
source = "registry+https://github.com/rust-lang/crates.io-index"

[[package]]
name = "core-foundation"
version = "0.2.3"
source = "registry+https://github.com/rust-lang/crates.io-index"
dependencies = [
 "core-foundation-sys 0.2.3 (registry+https://github.com/rust-lang/crates.io-index)",
 "libc 0.2.34 (registry+https://github.com/rust-lang/crates.io-index)",
]

[[package]]
name = "core-foundation-sys"
version = "0.2.3"
source = "registry+https://github.com/rust-lang/crates.io-index"
dependencies = [
 "libc 0.2.34 (registry+https://github.com/rust-lang/crates.io-index)",
]

[[package]]
name = "crypt32-sys"
version = "0.2.0"
source = "registry+https://github.com/rust-lang/crates.io-index"
dependencies = [
 "winapi 0.2.8 (registry+https://github.com/rust-lang/crates.io-index)",
 "winapi-build 0.1.1 (registry+https://github.com/rust-lang/crates.io-index)",
]

[[package]]
name = "foreign-types"
version = "0.3.2"
source = "registry+https://github.com/rust-lang/crates.io-index"
dependencies = [
 "foreign-types-shared 0.1.1 (registry+https://github.com/rust-lang/crates.io-index)",
]

[[package]]
name = "foreign-types-shared"
version = "0.1.1"
source = "registry+https://github.com/rust-lang/crates.io-index"

[[package]]
name = "fuchsia-zircon"
version = "0.2.1"
source = "registry+https://github.com/rust-lang/crates.io-index"
dependencies = [
 "fuchsia-zircon-sys 0.2.0 (registry+https://github.com/rust-lang/crates.io-index)",
]

[[package]]
name = "fuchsia-zircon-sys"
version = "0.2.0"
source = "registry+https://github.com/rust-lang/crates.io-index"
dependencies = [
 "bitflags 0.7.0 (registry+https://github.com/rust-lang/crates.io-index)",
]

[[package]]
name = "futures"
version = "0.1.17"
source = "registry+https://github.com/rust-lang/crates.io-index"

[[package]]
name = "httparse"
version = "1.2.3"
source = "registry+https://github.com/rust-lang/crates.io-index"

[[package]]
name = "hyper"
version = "0.10.13"
source = "registry+https://github.com/rust-lang/crates.io-index"
dependencies = [
 "base64 0.6.0 (registry+https://github.com/rust-lang/crates.io-index)",
 "httparse 1.2.3 (registry+https://github.com/rust-lang/crates.io-index)",
 "language-tags 0.2.2 (registry+https://github.com/rust-lang/crates.io-index)",
 "log 0.3.8 (registry+https://github.com/rust-lang/crates.io-index)",
 "mime 0.2.6 (registry+https://github.com/rust-lang/crates.io-index)",
 "num_cpus 1.7.0 (registry+https://github.com/rust-lang/crates.io-index)",
 "time 0.1.38 (registry+https://github.com/rust-lang/crates.io-index)",
 "traitobject 0.1.0 (registry+https://github.com/rust-lang/crates.io-index)",
 "typeable 0.1.2 (registry+https://github.com/rust-lang/crates.io-index)",
 "unicase 1.4.2 (registry+https://github.com/rust-lang/crates.io-index)",
 "url 1.6.0 (registry+https://github.com/rust-lang/crates.io-index)",
]

[[package]]
name = "idna"
version = "0.1.4"
source = "registry+https://github.com/rust-lang/crates.io-index"
dependencies = [
 "matches 0.1.6 (registry+https://github.com/rust-lang/crates.io-index)",
 "unicode-bidi 0.3.4 (registry+https://github.com/rust-lang/crates.io-index)",
 "unicode-normalization 0.1.5 (registry+https://github.com/rust-lang/crates.io-index)",
]

[[package]]
name = "iovec"
version = "0.1.1"
source = "registry+https://github.com/rust-lang/crates.io-index"
dependencies = [
 "libc 0.2.34 (registry+https://github.com/rust-lang/crates.io-index)",
 "winapi 0.2.8 (registry+https://github.com/rust-lang/crates.io-index)",
]

[[package]]
name = "kernel32-sys"
version = "0.2.2"
source = "registry+https://github.com/rust-lang/crates.io-index"
dependencies = [
 "winapi 0.2.8 (registry+https://github.com/rust-lang/crates.io-index)",
 "winapi-build 0.1.1 (registry+https://github.com/rust-lang/crates.io-index)",
]

[[package]]
name = "language-tags"
version = "0.2.2"
source = "registry+https://github.com/rust-lang/crates.io-index"

[[package]]
name = "lazy_static"
version = "1.0.0"
source = "registry+https://github.com/rust-lang/crates.io-index"

[[package]]
name = "lazycell"
version = "0.5.1"
source = "registry+https://github.com/rust-lang/crates.io-index"

[[package]]
name = "libc"
version = "0.2.34"
source = "registry+https://github.com/rust-lang/crates.io-index"

[[package]]
name = "log"
version = "0.3.8"
source = "registry+https://github.com/rust-lang/crates.io-index"

[[package]]
name = "matches"
version = "0.1.6"
source = "registry+https://github.com/rust-lang/crates.io-index"

[[package]]
name = "mime"
version = "0.2.6"
source = "registry+https://github.com/rust-lang/crates.io-index"
dependencies = [
 "log 0.3.8 (registry+https://github.com/rust-lang/crates.io-index)",
]

[[package]]
name = "mio"
version = "0.6.11"
source = "registry+https://github.com/rust-lang/crates.io-index"
dependencies = [
 "fuchsia-zircon 0.2.1 (registry+https://github.com/rust-lang/crates.io-index)",
 "fuchsia-zircon-sys 0.2.0 (registry+https://github.com/rust-lang/crates.io-index)",
 "iovec 0.1.1 (registry+https://github.com/rust-lang/crates.io-index)",
 "kernel32-sys 0.2.2 (registry+https://github.com/rust-lang/crates.io-index)",
 "lazycell 0.5.1 (registry+https://github.com/rust-lang/crates.io-index)",
 "libc 0.2.34 (registry+https://github.com/rust-lang/crates.io-index)",
 "log 0.3.8 (registry+https://github.com/rust-lang/crates.io-index)",
 "miow 0.2.1 (registry+https://github.com/rust-lang/crates.io-index)",
 "net2 0.2.31 (registry+https://github.com/rust-lang/crates.io-index)",
 "slab 0.3.0 (registry+https://github.com/rust-lang/crates.io-index)",
 "winapi 0.2.8 (registry+https://github.com/rust-lang/crates.io-index)",
]

[[package]]
name = "miow"
version = "0.2.1"
source = "registry+https://github.com/rust-lang/crates.io-index"
dependencies = [
 "kernel32-sys 0.2.2 (registry+https://github.com/rust-lang/crates.io-index)",
 "net2 0.2.31 (registry+https://github.com/rust-lang/crates.io-index)",
 "winapi 0.2.8 (registry+https://github.com/rust-lang/crates.io-index)",
 "ws2_32-sys 0.2.1 (registry+https://github.com/rust-lang/crates.io-index)",
]

[[package]]
name = "native-tls"
version = "0.1.4"
source = "registry+https://github.com/rust-lang/crates.io-index"
dependencies = [
 "openssl 0.9.23 (registry+https://github.com/rust-lang/crates.io-index)",
 "schannel 0.1.9 (registry+https://github.com/rust-lang/crates.io-index)",
 "security-framework 0.1.16 (registry+https://github.com/rust-lang/crates.io-index)",
 "security-framework-sys 0.1.16 (registry+https://github.com/rust-lang/crates.io-index)",
 "tempdir 0.3.5 (registry+https://github.com/rust-lang/crates.io-index)",
]

[[package]]
name = "net2"
version = "0.2.31"
source = "registry+https://github.com/rust-lang/crates.io-index"
dependencies = [
 "cfg-if 0.1.2 (registry+https://github.com/rust-lang/crates.io-index)",
 "kernel32-sys 0.2.2 (registry+https://github.com/rust-lang/crates.io-index)",
 "libc 0.2.34 (registry+https://github.com/rust-lang/crates.io-index)",
 "winapi 0.2.8 (registry+https://github.com/rust-lang/crates.io-index)",
 "ws2_32-sys 0.2.1 (registry+https://github.com/rust-lang/crates.io-index)",
]

[[package]]
name = "num_cpus"
version = "1.7.0"
source = "registry+https://github.com/rust-lang/crates.io-index"
dependencies = [
 "libc 0.2.34 (registry+https://github.com/rust-lang/crates.io-index)",
]

[[package]]
name = "openssl"
version = "0.9.23"
source = "registry+https://github.com/rust-lang/crates.io-index"
dependencies = [
 "bitflags 0.9.1 (registry+https://github.com/rust-lang/crates.io-index)",
 "foreign-types 0.3.2 (registry+https://github.com/rust-lang/crates.io-index)",
 "lazy_static 1.0.0 (registry+https://github.com/rust-lang/crates.io-index)",
 "libc 0.2.34 (registry+https://github.com/rust-lang/crates.io-index)",
 "openssl-sys 0.9.23 (registry+https://github.com/rust-lang/crates.io-index)",
]

[[package]]
name = "openssl-sys"
version = "0.9.23"
source = "registry+https://github.com/rust-lang/crates.io-index"
dependencies = [
 "cc 1.0.3 (registry+https://github.com/rust-lang/crates.io-index)",
 "libc 0.2.34 (registry+https://github.com/rust-lang/crates.io-index)",
 "pkg-config 0.3.9 (registry+https://github.com/rust-lang/crates.io-index)",
 "vcpkg 0.2.2 (registry+https://github.com/rust-lang/crates.io-index)",
]

[[package]]
name = "percent-encoding"
version = "1.0.1"
source = "registry+https://github.com/rust-lang/crates.io-index"

[[package]]
name = "pkg-config"
version = "0.3.9"
source = "registry+https://github.com/rust-lang/crates.io-index"

[[package]]
name = "rand"
version = "0.3.18"
source = "registry+https://github.com/rust-lang/crates.io-index"
dependencies = [
 "fuchsia-zircon 0.2.1 (registry+https://github.com/rust-lang/crates.io-index)",
 "libc 0.2.34 (registry+https://github.com/rust-lang/crates.io-index)",
]

[[package]]
name = "redox_syscall"
version = "0.1.32"
source = "registry+https://github.com/rust-lang/crates.io-index"

[[package]]
name = "redox_termios"
version = "0.1.1"
source = "registry+https://github.com/rust-lang/crates.io-index"
dependencies = [
 "redox_syscall 0.1.32 (registry+https://github.com/rust-lang/crates.io-index)",
]

[[package]]
name = "safemem"
version = "0.2.0"
source = "registry+https://github.com/rust-lang/crates.io-index"

[[package]]
name = "schannel"
version = "0.1.9"
source = "registry+https://github.com/rust-lang/crates.io-index"
dependencies = [
 "advapi32-sys 0.2.0 (registry+https://github.com/rust-lang/crates.io-index)",
 "crypt32-sys 0.2.0 (registry+https://github.com/rust-lang/crates.io-index)",
 "kernel32-sys 0.2.2 (registry+https://github.com/rust-lang/crates.io-index)",
 "lazy_static 1.0.0 (registry+https://github.com/rust-lang/crates.io-index)",
 "secur32-sys 0.2.0 (registry+https://github.com/rust-lang/crates.io-index)",
 "winapi 0.2.8 (registry+https://github.com/rust-lang/crates.io-index)",
 "winapi-build 0.1.1 (registry+https://github.com/rust-lang/crates.io-index)",
]

[[package]]
name = "scoped-tls"
version = "0.1.0"
source = "registry+https://github.com/rust-lang/crates.io-index"

[[package]]
name = "secur32-sys"
version = "0.2.0"
source = "registry+https://github.com/rust-lang/crates.io-index"
dependencies = [
 "winapi 0.2.8 (registry+https://github.com/rust-lang/crates.io-index)",
 "winapi-build 0.1.1 (registry+https://github.com/rust-lang/crates.io-index)",
]

[[package]]
name = "security-framework"
version = "0.1.16"
source = "registry+https://github.com/rust-lang/crates.io-index"
dependencies = [
 "core-foundation 0.2.3 (registry+https://github.com/rust-lang/crates.io-index)",
 "core-foundation-sys 0.2.3 (registry+https://github.com/rust-lang/crates.io-index)",
 "libc 0.2.34 (registry+https://github.com/rust-lang/crates.io-index)",
 "security-framework-sys 0.1.16 (registry+https://github.com/rust-lang/crates.io-index)",
]

[[package]]
name = "security-framework-sys"
version = "0.1.16"
source = "registry+https://github.com/rust-lang/crates.io-index"
dependencies = [
 "core-foundation-sys 0.2.3 (registry+https://github.com/rust-lang/crates.io-index)",
 "libc 0.2.34 (registry+https://github.com/rust-lang/crates.io-index)",
]

[[package]]
name = "sha1"
version = "0.2.0"
source = "registry+https://github.com/rust-lang/crates.io-index"

[[package]]
name = "slab"
version = "0.3.0"
source = "registry+https://github.com/rust-lang/crates.io-index"

[[package]]
name = "slab"
version = "0.4.0"
source = "registry+https://github.com/rust-lang/crates.io-index"

[[package]]
name = "tempdir"
version = "0.3.5"
source = "registry+https://github.com/rust-lang/crates.io-index"
dependencies = [
 "rand 0.3.18 (registry+https://github.com/rust-lang/crates.io-index)",
]

[[package]]
name = "termion"
version = "1.5.1"
source = "registry+https://github.com/rust-lang/crates.io-index"
dependencies = [
 "libc 0.2.34 (registry+https://github.com/rust-lang/crates.io-index)",
 "redox_syscall 0.1.32 (registry+https://github.com/rust-lang/crates.io-index)",
 "redox_termios 0.1.1 (registry+https://github.com/rust-lang/crates.io-index)",
]

[[package]]
name = "termsize"
version = "0.1.5"
source = "registry+https://github.com/rust-lang/crates.io-index"
dependencies = [
 "atty 0.2.6 (registry+https://github.com/rust-lang/crates.io-index)",
 "kernel32-sys 0.2.2 (registry+https://github.com/rust-lang/crates.io-index)",
 "libc 0.2.34 (registry+https://github.com/rust-lang/crates.io-index)",
 "termion 1.5.1 (registry+https://github.com/rust-lang/crates.io-index)",
 "winapi 0.2.8 (registry+https://github.com/rust-lang/crates.io-index)",
]

[[package]]
name = "time"
version = "0.1.38"
source = "registry+https://github.com/rust-lang/crates.io-index"
dependencies = [
 "kernel32-sys 0.2.2 (registry+https://github.com/rust-lang/crates.io-index)",
 "libc 0.2.34 (registry+https://github.com/rust-lang/crates.io-index)",
 "redox_syscall 0.1.32 (registry+https://github.com/rust-lang/crates.io-index)",
 "winapi 0.2.8 (registry+https://github.com/rust-lang/crates.io-index)",
]

[[package]]
name = "tokio-core"
version = "0.1.11"
source = "registry+https://github.com/rust-lang/crates.io-index"
dependencies = [
 "bytes 0.4.5 (registry+https://github.com/rust-lang/crates.io-index)",
 "futures 0.1.17 (registry+https://github.com/rust-lang/crates.io-index)",
 "iovec 0.1.1 (registry+https://github.com/rust-lang/crates.io-index)",
 "log 0.3.8 (registry+https://github.com/rust-lang/crates.io-index)",
 "mio 0.6.11 (registry+https://github.com/rust-lang/crates.io-index)",
 "scoped-tls 0.1.0 (registry+https://github.com/rust-lang/crates.io-index)",
 "slab 0.4.0 (registry+https://github.com/rust-lang/crates.io-index)",
 "tokio-io 0.1.4 (registry+https://github.com/rust-lang/crates.io-index)",
]

[[package]]
name = "tokio-io"
version = "0.1.4"
source = "registry+https://github.com/rust-lang/crates.io-index"
dependencies = [
 "bytes 0.4.5 (registry+https://github.com/rust-lang/crates.io-index)",
 "futures 0.1.17 (registry+https://github.com/rust-lang/crates.io-index)",
 "log 0.3.8 (registry+https://github.com/rust-lang/crates.io-index)",
]

[[package]]
name = "tokio-tls"
version = "0.1.3"
source = "registry+https://github.com/rust-lang/crates.io-index"
dependencies = [
 "futures 0.1.17 (registry+https://github.com/rust-lang/crates.io-index)",
 "native-tls 0.1.4 (registry+https://github.com/rust-lang/crates.io-index)",
 "tokio-core 0.1.11 (registry+https://github.com/rust-lang/crates.io-index)",
 "tokio-io 0.1.4 (registry+https://github.com/rust-lang/crates.io-index)",
]

[[package]]
name = "traitobject"
version = "0.1.0"
source = "registry+https://github.com/rust-lang/crates.io-index"

[[package]]
name = "typeable"
version = "0.1.2"
source = "registry+https://github.com/rust-lang/crates.io-index"

[[package]]
name = "unicase"
version = "1.4.2"
source = "registry+https://github.com/rust-lang/crates.io-index"
dependencies = [
 "version_check 0.1.3 (registry+https://github.com/rust-lang/crates.io-index)",
]

[[package]]
name = "unicode-bidi"
version = "0.3.4"
source = "registry+https://github.com/rust-lang/crates.io-index"
dependencies = [
 "matches 0.1.6 (registry+https://github.com/rust-lang/crates.io-index)",
]

[[package]]
name = "unicode-normalization"
version = "0.1.5"
source = "registry+https://github.com/rust-lang/crates.io-index"

[[package]]
name = "url"
version = "1.6.0"
source = "registry+https://github.com/rust-lang/crates.io-index"
dependencies = [
 "idna 0.1.4 (registry+https://github.com/rust-lang/crates.io-index)",
 "matches 0.1.6 (registry+https://github.com/rust-lang/crates.io-index)",
 "percent-encoding 1.0.1 (registry+https://github.com/rust-lang/crates.io-index)",
]

[[package]]
name = "vcpkg"
version = "0.2.2"
source = "registry+https://github.com/rust-lang/crates.io-index"

[[package]]
name = "version_check"
version = "0.1.3"
source = "registry+https://github.com/rust-lang/crates.io-index"

[[package]]
name = "websocket"
version = "0.20.2"
source = "registry+https://github.com/rust-lang/crates.io-index"
dependencies = [
 "base64 0.5.2 (registry+https://github.com/rust-lang/crates.io-index)",
 "bitflags 0.9.1 (registry+https://github.com/rust-lang/crates.io-index)",
 "byteorder 1.2.1 (registry+https://github.com/rust-lang/crates.io-index)",
 "bytes 0.4.5 (registry+https://github.com/rust-lang/crates.io-index)",
 "futures 0.1.17 (registry+https://github.com/rust-lang/crates.io-index)",
 "hyper 0.10.13 (registry+https://github.com/rust-lang/crates.io-index)",
 "native-tls 0.1.4 (registry+https://github.com/rust-lang/crates.io-index)",
 "rand 0.3.18 (registry+https://github.com/rust-lang/crates.io-index)",
 "sha1 0.2.0 (registry+https://github.com/rust-lang/crates.io-index)",
 "tokio-core 0.1.11 (registry+https://github.com/rust-lang/crates.io-index)",
 "tokio-io 0.1.4 (registry+https://github.com/rust-lang/crates.io-index)",
 "tokio-tls 0.1.3 (registry+https://github.com/rust-lang/crates.io-index)",
 "unicase 1.4.2 (registry+https://github.com/rust-lang/crates.io-index)",
 "url 1.6.0 (registry+https://github.com/rust-lang/crates.io-index)",
]

[[package]]
name = "winapi"
version = "0.2.8"
source = "registry+https://github.com/rust-lang/crates.io-index"

[[package]]
name = "winapi"
version = "0.3.2"
source = "registry+https://github.com/rust-lang/crates.io-index"
dependencies = [
 "winapi-i686-pc-windows-gnu 0.3.1 (registry+https://github.com/rust-lang/crates.io-index)",
 "winapi-x86_64-pc-windows-gnu 0.3.1 (registry+https://github.com/rust-lang/crates.io-index)",
]

[[package]]
name = "winapi-build"
version = "0.1.1"
source = "registry+https://github.com/rust-lang/crates.io-index"

[[package]]
name = "winapi-i686-pc-windows-gnu"
version = "0.3.1"
source = "registry+https://github.com/rust-lang/crates.io-index"

[[package]]
name = "winapi-x86_64-pc-windows-gnu"
version = "0.3.1"
source = "registry+https://github.com/rust-lang/crates.io-index"

[[package]]
name = "ws2_32-sys"
version = "0.2.1"
source = "registry+https://github.com/rust-lang/crates.io-index"
dependencies = [
 "winapi 0.2.8 (registry+https://github.com/rust-lang/crates.io-index)",
 "winapi-build 0.1.1 (registry+https://github.com/rust-lang/crates.io-index)",
]

[metadata]
"checksum advapi32-sys 0.2.0 (registry+https://github.com/rust-lang/crates.io-index)" = "e06588080cb19d0acb6739808aafa5f26bfb2ca015b2b6370028b44cf7cb8a9a"
"checksum atty 0.2.6 (registry+https://github.com/rust-lang/crates.io-index)" = "8352656fd42c30a0c3c89d26dea01e3b77c0ab2af18230835c15e2e13cd51859"
"checksum base64 0.5.2 (registry+https://github.com/rust-lang/crates.io-index)" = "30e93c03064e7590d0466209155251b90c22e37fab1daf2771582598b5827557"
"checksum base64 0.6.0 (registry+https://github.com/rust-lang/crates.io-index)" = "96434f987501f0ed4eb336a411e0631ecd1afa11574fe148587adc4ff96143c9"
"checksum bitflags 0.7.0 (registry+https://github.com/rust-lang/crates.io-index)" = "aad18937a628ec6abcd26d1489012cc0e18c21798210f491af69ded9b881106d"
"checksum bitflags 0.9.1 (registry+https://github.com/rust-lang/crates.io-index)" = "4efd02e230a02e18f92fc2735f44597385ed02ad8f831e7c1c1156ee5e1ab3a5"
"checksum byteorder 1.2.1 (registry+https://github.com/rust-lang/crates.io-index)" = "652805b7e73fada9d85e9a6682a4abd490cb52d96aeecc12e33a0de34dfd0d23"
"checksum bytes 0.4.5 (registry+https://github.com/rust-lang/crates.io-index)" = "d828f97b58cc5de3e40c421d0cf2132d6b2da4ee0e11b8632fa838f0f9333ad6"
"checksum cc 1.0.3 (registry+https://github.com/rust-lang/crates.io-index)" = "a9b13a57efd6b30ecd6598ebdb302cca617930b5470647570468a65d12ef9719"
"checksum cfg-if 0.1.2 (registry+https://github.com/rust-lang/crates.io-index)" = "d4c819a1287eb618df47cc647173c5c4c66ba19d888a6e50d605672aed3140de"
"checksum core-foundation 0.2.3 (registry+https://github.com/rust-lang/crates.io-index)" = "25bfd746d203017f7d5cbd31ee5d8e17f94b6521c7af77ece6c9e4b2d4b16c67"
"checksum core-foundation-sys 0.2.3 (registry+https://github.com/rust-lang/crates.io-index)" = "065a5d7ffdcbc8fa145d6f0746f3555025b9097a9e9cda59f7467abae670c78d"
"checksum crypt32-sys 0.2.0 (registry+https://github.com/rust-lang/crates.io-index)" = "e34988f7e069e0b2f3bfc064295161e489b2d4e04a2e4248fb94360cdf00b4ec"
"checksum foreign-types 0.3.2 (registry+https://github.com/rust-lang/crates.io-index)" = "f6f339eb8adc052cd2ca78910fda869aefa38d22d5cb648e6485e4d3fc06f3b1"
"checksum foreign-types-shared 0.1.1 (registry+https://github.com/rust-lang/crates.io-index)" = "00b0228411908ca8685dba7fc2cdd70ec9990a6e753e89b6ac91a84c40fbaf4b"
"checksum fuchsia-zircon 0.2.1 (registry+https://github.com/rust-lang/crates.io-index)" = "f6c0581a4e363262e52b87f59ee2afe3415361c6ec35e665924eb08afe8ff159"
"checksum fuchsia-zircon-sys 0.2.0 (registry+https://github.com/rust-lang/crates.io-index)" = "43f3795b4bae048dc6123a6b972cadde2e676f9ded08aef6bb77f5f157684a82"
"checksum futures 0.1.17 (registry+https://github.com/rust-lang/crates.io-index)" = "118b49cac82e04121117cbd3121ede3147e885627d82c4546b87c702debb90c1"
"checksum httparse 1.2.3 (registry+https://github.com/rust-lang/crates.io-index)" = "af2f2dd97457e8fb1ae7c5a420db346af389926e36f43768b96f101546b04a07"
"checksum hyper 0.10.13 (registry+https://github.com/rust-lang/crates.io-index)" = "368cb56b2740ebf4230520e2b90ebb0461e69034d85d1945febd9b3971426db2"
"checksum idna 0.1.4 (registry+https://github.com/rust-lang/crates.io-index)" = "014b298351066f1512874135335d62a789ffe78a9974f94b43ed5621951eaf7d"
"checksum iovec 0.1.1 (registry+https://github.com/rust-lang/crates.io-index)" = "b6e8b9c2247fcf6c6a1151f1156932be5606c9fd6f55a2d7f9fc1cb29386b2f7"
"checksum kernel32-sys 0.2.2 (registry+https://github.com/rust-lang/crates.io-index)" = "7507624b29483431c0ba2d82aece8ca6cdba9382bff4ddd0f7490560c056098d"
"checksum language-tags 0.2.2 (registry+https://github.com/rust-lang/crates.io-index)" = "a91d884b6667cd606bb5a69aa0c99ba811a115fc68915e7056ec08a46e93199a"
"checksum lazy_static 1.0.0 (registry+https://github.com/rust-lang/crates.io-index)" = "c8f31047daa365f19be14b47c29df4f7c3b581832407daabe6ae77397619237d"
"checksum lazycell 0.5.1 (registry+https://github.com/rust-lang/crates.io-index)" = "3b585b7a6811fb03aa10e74b278a0f00f8dd9b45dc681f148bb29fa5cb61859b"
"checksum libc 0.2.34 (registry+https://github.com/rust-lang/crates.io-index)" = "36fbc8a8929c632868295d0178dd8f63fc423fd7537ad0738372bd010b3ac9b0"
"checksum log 0.3.8 (registry+https://github.com/rust-lang/crates.io-index)" = "880f77541efa6e5cc74e76910c9884d9859683118839d6a1dc3b11e63512565b"
"checksum matches 0.1.6 (registry+https://github.com/rust-lang/crates.io-index)" = "100aabe6b8ff4e4a7e32c1c13523379802df0772b82466207ac25b013f193376"
"checksum mime 0.2.6 (registry+https://github.com/rust-lang/crates.io-index)" = "ba626b8a6de5da682e1caa06bdb42a335aee5a84db8e5046a3e8ab17ba0a3ae0"
"checksum mio 0.6.11 (registry+https://github.com/rust-lang/crates.io-index)" = "0e8411968194c7b139e9105bc4ae7db0bae232af087147e72f0616ebf5fdb9cb"
"checksum miow 0.2.1 (registry+https://github.com/rust-lang/crates.io-index)" = "8c1f2f3b1cf331de6896aabf6e9d55dca90356cc9960cca7eaaf408a355ae919"
"checksum native-tls 0.1.4 (registry+https://github.com/rust-lang/crates.io-index)" = "04b781c9134a954c84f0594b9ab3f5606abc516030388e8511887ef4c204a1e5"
"checksum net2 0.2.31 (registry+https://github.com/rust-lang/crates.io-index)" = "3a80f842784ef6c9a958b68b7516bc7e35883c614004dd94959a4dca1b716c09"
"checksum num_cpus 1.7.0 (registry+https://github.com/rust-lang/crates.io-index)" = "514f0d73e64be53ff320680ca671b64fe3fb91da01e1ae2ddc99eb51d453b20d"
"checksum openssl 0.9.23 (registry+https://github.com/rust-lang/crates.io-index)" = "169a4b9160baf9b9b1ab975418c673686638995ba921683a7f1e01470dcb8854"
"checksum openssl-sys 0.9.23 (registry+https://github.com/rust-lang/crates.io-index)" = "2200ffec628e3f14c39fc0131a301db214f1a7d584e36507ee8700b0c7fb7a46"
"checksum percent-encoding 1.0.1 (registry+https://github.com/rust-lang/crates.io-index)" = "31010dd2e1ac33d5b46a5b413495239882813e0369f8ed8a5e266f173602f831"
"checksum pkg-config 0.3.9 (registry+https://github.com/rust-lang/crates.io-index)" = "3a8b4c6b8165cd1a1cd4b9b120978131389f64bdaf456435caa41e630edba903"
"checksum rand 0.3.18 (registry+https://github.com/rust-lang/crates.io-index)" = "6475140dfd8655aeb72e1fd4b7a1cc1c202be65d71669476e392fe62532b9edd"
"checksum redox_syscall 0.1.32 (registry+https://github.com/rust-lang/crates.io-index)" = "ab105df655884ede59d45b7070c8a65002d921461ee813a024558ca16030eea0"
"checksum redox_termios 0.1.1 (registry+https://github.com/rust-lang/crates.io-index)" = "7e891cfe48e9100a70a3b6eb652fef28920c117d366339687bd5576160db0f76"
"checksum safemem 0.2.0 (registry+https://github.com/rust-lang/crates.io-index)" = "e27a8b19b835f7aea908818e871f5cc3a5a186550c30773be987e155e8163d8f"
"checksum schannel 0.1.9 (registry+https://github.com/rust-lang/crates.io-index)" = "4330c2e874379fbd28fa67ba43239dbe8c7fb00662ceb1078bd37474f08bf5ce"
"checksum scoped-tls 0.1.0 (registry+https://github.com/rust-lang/crates.io-index)" = "f417c22df063e9450888a7561788e9bd46d3bb3c1466435b4eccb903807f147d"
"checksum secur32-sys 0.2.0 (registry+https://github.com/rust-lang/crates.io-index)" = "3f412dfa83308d893101dd59c10d6fda8283465976c28c287c5c855bf8d216bc"
"checksum security-framework 0.1.16 (registry+https://github.com/rust-lang/crates.io-index)" = "dfa44ee9c54ce5eecc9de7d5acbad112ee58755239381f687e564004ba4a2332"
"checksum security-framework-sys 0.1.16 (registry+https://github.com/rust-lang/crates.io-index)" = "5421621e836278a0b139268f36eee0dc7e389b784dc3f79d8f11aabadf41bead"
"checksum sha1 0.2.0 (registry+https://github.com/rust-lang/crates.io-index)" = "cc30b1e1e8c40c121ca33b86c23308a090d19974ef001b4bf6e61fd1a0fb095c"
"checksum slab 0.3.0 (registry+https://github.com/rust-lang/crates.io-index)" = "17b4fcaed89ab08ef143da37bc52adbcc04d4a69014f4c1208d6b51f0c47bc23"
"checksum slab 0.4.0 (registry+https://github.com/rust-lang/crates.io-index)" = "fdeff4cd9ecff59ec7e3744cbca73dfe5ac35c2aedb2cfba8a1c715a18912e9d"
"checksum tempdir 0.3.5 (registry+https://github.com/rust-lang/crates.io-index)" = "87974a6f5c1dfb344d733055601650059a3363de2a6104819293baff662132d6"
"checksum termion 1.5.1 (registry+https://github.com/rust-lang/crates.io-index)" = "689a3bdfaab439fd92bc87df5c4c78417d3cbe537487274e9b0b2dce76e92096"
"checksum termsize 0.1.5 (registry+https://github.com/rust-lang/crates.io-index)" = "4e3cde4e7c68acfef795660eba99817550b0d7b6d79ebb8e75439358ca5b680f"
"checksum time 0.1.38 (registry+https://github.com/rust-lang/crates.io-index)" = "d5d788d3aa77bc0ef3e9621256885555368b47bd495c13dd2e7413c89f845520"
"checksum tokio-core 0.1.11 (registry+https://github.com/rust-lang/crates.io-index)" = "c87c27560184212c9dc45cd8f38623f37918248aad5b58fb65303b5d07a98c6e"
"checksum tokio-io 0.1.4 (registry+https://github.com/rust-lang/crates.io-index)" = "514aae203178929dbf03318ad7c683126672d4d96eccb77b29603d33c9e25743"
"checksum tokio-tls 0.1.3 (registry+https://github.com/rust-lang/crates.io-index)" = "d88e411cac1c87e405e4090be004493c5d8072a370661033b1a64ea205ec2e13"
"checksum traitobject 0.1.0 (registry+https://github.com/rust-lang/crates.io-index)" = "efd1f82c56340fdf16f2a953d7bda4f8fdffba13d93b00844c25572110b26079"
"checksum typeable 0.1.2 (registry+https://github.com/rust-lang/crates.io-index)" = "1410f6f91f21d1612654e7cc69193b0334f909dcf2c790c4826254fbb86f8887"
"checksum unicase 1.4.2 (registry+https://github.com/rust-lang/crates.io-index)" = "7f4765f83163b74f957c797ad9253caf97f103fb064d3999aea9568d09fc8a33"
"checksum unicode-bidi 0.3.4 (registry+https://github.com/rust-lang/crates.io-index)" = "49f2bd0c6468a8230e1db229cff8029217cf623c767ea5d60bfbd42729ea54d5"
"checksum unicode-normalization 0.1.5 (registry+https://github.com/rust-lang/crates.io-index)" = "51ccda9ef9efa3f7ef5d91e8f9b83bbe6955f9bf86aec89d5cce2c874625920f"
"checksum url 1.6.0 (registry+https://github.com/rust-lang/crates.io-index)" = "fa35e768d4daf1d85733418a49fb42e10d7f633e394fccab4ab7aba897053fe2"
"checksum vcpkg 0.2.2 (registry+https://github.com/rust-lang/crates.io-index)" = "9e0a7d8bed3178a8fb112199d466eeca9ed09a14ba8ad67718179b4fd5487d0b"
"checksum version_check 0.1.3 (registry+https://github.com/rust-lang/crates.io-index)" = "6b772017e347561807c1aa192438c5fd74242a670a6cffacc40f2defd1dc069d"
"checksum websocket 0.20.2 (registry+https://github.com/rust-lang/crates.io-index)" = "eb277e7f4c23dc49176f74ae200e77651764efb2c25f56ad2d22623b63826369"
"checksum winapi 0.2.8 (registry+https://github.com/rust-lang/crates.io-index)" = "167dc9d6949a9b857f3451275e911c3f44255842c1f7a76f33c55103a909087a"
"checksum winapi 0.3.2 (registry+https://github.com/rust-lang/crates.io-index)" = "890b38836c01d72fdb636d15c9cfc52ec7fd783b330abc93cd1686f4308dfccc"
"checksum winapi-build 0.1.1 (registry+https://github.com/rust-lang/crates.io-index)" = "2d315eee3b34aca4797b2da6b13ed88266e6d612562a0c46390af8299fc699bc"
"checksum winapi-i686-pc-windows-gnu 0.3.1 (registry+https://github.com/rust-lang/crates.io-index)" = "ca38ad0b1b8fcebdf9a7906e368ce3a760ffa638c4c4f0cb57f3c26ad34cc86e"
"checksum winapi-x86_64-pc-windows-gnu 0.3.1 (registry+https://github.com/rust-lang/crates.io-index)" = "a824ed89cff621305f4ae379551c65e1fca1eadb1d4a25e3a4e8989080a2d337"
"checksum ws2_32-sys 0.2.1 (registry+https://github.com/rust-lang/crates.io-index)" = "d59cefebd0c892fa2dd6de581e937301d8552cb44489cdff035c6187cb63fa5e"
